// !$*UTF8*$!
{
	archiveVersion = 1;
	classes = {
	};
	objectVersion = 46;
	objects = {

/* Begin PBXBuildFile section */
		EF983DF91B65331D009A62D1 /* main.m in Sources */ = {isa = PBXBuildFile; fileRef = EF983DF81B65331D009A62D1 /* main.m */; };
		EF983DFC1B65331D009A62D1 /* AppDelegate.m in Sources */ = {isa = PBXBuildFile; fileRef = EF983DFB1B65331D009A62D1 /* AppDelegate.m */; };
		EF983E021B65331D009A62D1 /* Main.storyboard in Resources */ = {isa = PBXBuildFile; fileRef = EF983E001B65331D009A62D1 /* Main.storyboard */; };
		EF983E041B65331D009A62D1 /* Images.xcassets in Resources */ = {isa = PBXBuildFile; fileRef = EF983E031B65331D009A62D1 /* Images.xcassets */; };
		EF983E071B65331D009A62D1 /* LaunchScreen.xib in Resources */ = {isa = PBXBuildFile; fileRef = EF983E051B65331D009A62D1 /* LaunchScreen.xib */; };
		EF983E131B65331E009A62D1 /* UITable_AnewTests.m in Sources */ = {isa = PBXBuildFile; fileRef = EF983E121B65331E009A62D1 /* UITable_AnewTests.m */; };
		EF983E1E1B662B3F009A62D1 /* TableViewController.m in Sources */ = {isa = PBXBuildFile; fileRef = EF983E1D1B662B3F009A62D1 /* TableViewController.m */; };
/* End PBXBuildFile section */

/* Begin PBXContainerItemProxy section */
		EF983E0D1B65331E009A62D1 /* PBXContainerItemProxy */ = {
			isa = PBXContainerItemProxy;
			containerPortal = EF983DEB1B65331D009A62D1 /* Project object */;
			proxyType = 1;
			remoteGlobalIDString = EF983DF21B65331D009A62D1;
			remoteInfo = "UITable Anew";
		};
/* End PBXContainerItemProxy section */

/* Begin PBXFileReference section */
		EF983DF31B65331D009A62D1 /* UITable Anew.app */ = {isa = PBXFileReference; explicitFileType = wrapper.application; includeInIndex = 0; path = "UITable Anew.app"; sourceTree = BUILT_PRODUCTS_DIR; };
		EF983DF71B65331D009A62D1 /* Info.plist */ = {isa = PBXFileReference; lastKnownFileType = text.plist.xml; path = Info.plist; sourceTree = "<group>"; };
		EF983DF81B65331D009A62D1 /* main.m */ = {isa = PBXFileReference; lastKnownFileType = sourcecode.c.objc; path = main.m; sourceTree = "<group>"; };
		EF983DFA1B65331D009A62D1 /* AppDelegate.h */ = {isa = PBXFileReference; lastKnownFileType = sourcecode.c.h; path = AppDelegate.h; sourceTree = "<group>"; };
		EF983DFB1B65331D009A62D1 /* AppDelegate.m */ = {isa = PBXFileReference; lastKnownFileType = sourcecode.c.objc; path = AppDelegate.m; sourceTree = "<group>"; };
		EF983E011B65331D009A62D1 /* Base */ = {isa = PBXFileReference; lastKnownFileType = file.storyboard; name = Base; path = Base.lproj/Main.storyboard; sourceTree = "<group>"; };
		EF983E031B65331D009A62D1 /* Images.xcassets */ = {isa = PBXFileReference; lastKnownFileType = folder.assetcatalog; path = Images.xcassets; sourceTree = "<group>"; };
		EF983E061B65331D009A62D1 /* Base */ = {isa = PBXFileReference; lastKnownFileType = file.xib; name = Base; path = Base.lproj/LaunchScreen.xib; sourceTree = "<group>"; };
		EF983E0C1B65331E009A62D1 /* UITable AnewTests.xctest */ = {isa = PBXFileReference; explicitFileType = wrapper.cfbundle; includeInIndex = 0; path = "UITable AnewTests.xctest"; sourceTree = BUILT_PRODUCTS_DIR; };
		EF983E111B65331E009A62D1 /* Info.plist */ = {isa = PBXFileReference; lastKnownFileType = text.plist.xml; path = Info.plist; sourceTree = "<group>"; };
		EF983E121B65331E009A62D1 /* UITable_AnewTests.m */ = {isa = PBXFileReference; lastKnownFileType = sourcecode.c.objc; path = UITable_AnewTests.m; sourceTree = "<group>"; };
		EF983E1C1B662B3F009A62D1 /* TableViewController.h */ = {isa = PBXFileReference; fileEncoding = 4; lastKnownFileType = sourcecode.c.h; path = TableViewController.h; sourceTree = "<group>"; };
		EF983E1D1B662B3F009A62D1 /* TableViewController.m */ = {isa = PBXFileReference; fileEncoding = 4; lastKnownFileType = sourcecode.c.objc; path = TableViewController.m; sourceTree = "<group>"; };
/* End PBXFileReference section */

/* Begin PBXFrameworksBuildPhase section */
		EF983DF01B65331D009A62D1 /* Frameworks */ = {
			isa = PBXFrameworksBuildPhase;
			buildActionMask = 2147483647;
			files = (
			);
			runOnlyForDeploymentPostprocessing = 0;
		};
		EF983E091B65331E009A62D1 /* Frameworks */ = {
			isa = PBXFrameworksBuildPhase;
			buildActionMask = 2147483647;
			files = (
			);
			runOnlyForDeploymentPostprocessing = 0;
		};
/* End PBXFrameworksBuildPhase section */

/* Begin PBXGroup section */
		EF983DEA1B65331D009A62D1 = {
			isa = PBXGroup;
			children = (
				EF983DF51B65331D009A62D1 /* UITable Anew */,
				EF983E0F1B65331E009A62D1 /* UITable AnewTests */,
				EF983DF41B65331D009A62D1 /* Products */,
			);
			sourceTree = "<group>";
		};
		EF983DF41B65331D009A62D1 /* Products */ = {
			isa = PBXGroup;
			children = (
				EF983DF31B65331D009A62D1 /* UITable Anew.app */,
				EF983E0C1B65331E009A62D1 /* UITable AnewTests.xctest */,
			);
			name = Products;
			sourceTree = "<group>";
		};
		EF983DF51B65331D009A62D1 /* UITable Anew */ = {
			isa = PBXGroup;
			children = (
				EF983E1C1B662B3F009A62D1 /* TableViewController.h */,
				EF983E1D1B662B3F009A62D1 /* TableViewController.m */,
				EF983DFA1B65331D009A62D1 /* AppDelegate.h */,
				EF983DFB1B65331D009A62D1 /* AppDelegate.m */,
				EF983E001B65331D009A62D1 /* Main.storyboard */,
				EF983E031B65331D009A62D1 /* Images.xcassets */,
				EF983E051B65331D009A62D1 /* LaunchScreen.xib */,
				EF983DF61B65331D009A62D1 /* Supporting Files */,
			);
			path = "UITable Anew";
			sourceTree = "<group>";
		};
		EF983DF61B65331D009A62D1 /* Supporting Files */ = {
			isa = PBXGroup;
			children = (
				EF983DF71B65331D009A62D1 /* Info.plist */,
				EF983DF81B65331D009A62D1 /* main.m */,
			);
			name = "Supporting Files";
			sourceTree = "<group>";
		};
		EF983E0F1B65331E009A62D1 /* UITable AnewTests */ = {
			isa = PBXGroup;
			children = (
				EF983E121B65331E009A62D1 /* UITable_AnewTests.m */,
				EF983E101B65331E009A62D1 /* Supporting Files */,
			);
			path = "UITable AnewTests";
			sourceTree = "<group>";
		};
		EF983E101B65331E009A62D1 /* Supporting Files */ = {
			isa = PBXGroup;
			children = (
				EF983E111B65331E009A62D1 /* Info.plist */,
			);
			name = "Supporting Files";
			sourceTree = "<group>";
		};
/* End PBXGroup section */

/* Begin PBXNativeTarget section */
		EF983DF21B65331D009A62D1 /* UITable Anew */ = {
			isa = PBXNativeTarget;
			buildConfigurationList = EF983E161B65331E009A62D1 /* Build configuration list for PBXNativeTarget "UITable Anew" */;
			buildPhases = (
				EF983DEF1B65331D009A62D1 /* Sources */,
				EF983DF01B65331D009A62D1 /* Frameworks */,
				EF983DF11B65331D009A62D1 /* Resources */,
			);
			buildRules = (
			);
			dependencies = (
			);
			name = "UITable Anew";
			productName = "UITable Anew";
			productReference = EF983DF31B65331D009A62D1 /* UITable Anew.app */;
			productType = "com.apple.product-type.application";
		};
		EF983E0B1B65331E009A62D1 /* UITable AnewTests */ = {
			isa = PBXNativeTarget;
			buildConfigurationList = EF983E191B65331E009A62D1 /* Build configuration list for PBXNativeTarget "UITable AnewTests" */;
			buildPhases = (
				EF983E081B65331E009A62D1 /* Sources */,
				EF983E091B65331E009A62D1 /* Frameworks */,
				EF983E0A1B65331E009A62D1 /* Resources */,
			);
			buildRules = (
			);
			dependencies = (
				EF983E0E1B65331E009A62D1 /* PBXTargetDependency */,
			);
			name = "UITable AnewTests";
			productName = "UITable AnewTests";
			productReference = EF983E0C1B65331E009A62D1 /* UITable AnewTests.xctest */;
			productType = "com.apple.product-type.bundle.unit-test";
		};
/* End PBXNativeTarget section */

/* Begin PBXProject section */
		EF983DEB1B65331D009A62D1 /* Project object */ = {
			isa = PBXProject;
			attributes = {
				LastUpgradeCheck = 0640;
				ORGANIZATIONNAME = Coceseeds;
				TargetAttributes = {
					EF983DF21B65331D009A62D1 = {
						CreatedOnToolsVersion = 6.4;
					};
					EF983E0B1B65331E009A62D1 = {
						CreatedOnToolsVersion = 6.4;
						TestTargetID = EF983DF21B65331D009A62D1;
					};
				};
			};
			buildConfigurationList = EF983DEE1B65331D009A62D1 /* Build configuration list for PBXProject "UITable Anew" */;
			compatibilityVersion = "Xcode 3.2";
			developmentRegion = English;
			hasScannedForEncodings = 0;
			knownRegions = (
				en,
				Base,
			);
			mainGroup = EF983DEA1B65331D009A62D1;
			productRefGroup = EF983DF41B65331D009A62D1 /* Products */;
			projectDirPath = "";
			projectRoot = "";
			targets = (
				EF983DF21B65331D009A62D1 /* UITable Anew */,
				EF983E0B1B65331E009A62D1 /* UITable AnewTests */,
			);
		};
/* End PBXProject section */

/* Begin PBXResourcesBuildPhase section */
		EF983DF11B65331D009A62D1 /* Resources */ = {
			isa = PBXResourcesBuildPhase;
			buildActionMask = 2147483647;
			files = (
				EF983E021B65331D009A62D1 /* Main.storyboard in Resources */,
				EF983E071B65331D009A62D1 /* LaunchScreen.xib in Resources */,
				EF983E041B65331D009A62D1 /* Images.xcassets in Resources */,
			);
			runOnlyForDeploymentPostprocessing = 0;
		};
		EF983E0A1B65331E009A62D1 /* Resources */ = {
			isa = PBXResourcesBuildPhase;
			buildActionMask = 2147483647;
			files = (
			);
			runOnlyForDeploymentPostprocessing = 0;
		};
/* End PBXResourcesBuildPhase section */

/* Begin PBXSourcesBuildPhase section */
		EF983DEF1B65331D009A62D1 /* Sources */ = {
			isa = PBXSourcesBuildPhase;
			buildActionMask = 2147483647;
			files = (
				EF983DFC1B65331D009A62D1 /* AppDelegate.m in Sources */,
				EF983E1E1B662B3F009A62D1 /* TableViewController.m in Sources */,
				EF983DF91B65331D009A62D1 /* main.m in Sources */,
			);
			runOnlyForDeploymentPostprocessing = 0;
		};
		EF983E081B65331E009A62D1 /* Sources */ = {
			isa = PBXSourcesBuildPhase;
			buildActionMask = 2147483647;
			files = (
				EF983E131B65331E009A62D1 /* UITable_AnewTests.m in Sources */,
			);
			runOnlyForDeploymentPostprocessing = 0;
		};
/* End PBXSourcesBuildPhase section */

/* Begin PBXTargetDependency section */
		EF983E0E1B65331E009A62D1 /* PBXTargetDependency */ = {
			isa = PBXTargetDependency;
			target = EF983DF21B65331D009A62D1 /* UITable Anew */;
			targetProxy = EF983E0D1B65331E009A62D1 /* PBXContainerItemProxy */;
		};
/* End PBXTargetDependency section */

/* Begin PBXVariantGroup section */
		EF983E001B65331D009A62D1 /* Main.storyboard */ = {
			isa = PBXVariantGroup;
			children = (
				EF983E011B65331D009A62D1 /* Base */,
			);
			name = Main.storyboard;
			sourceTree = "<group>";
		};
		EF983E051B65331D009A62D1 /* LaunchScreen.xib */ = {
			isa = PBXVariantGroup;
			children = (
				EF983E061B65331D009A62D1 /* Base */,
			);
			name = LaunchScreen.xib;
			sourceTree = "<group>";
		};
/* End PBXVariantGroup section */

/* Begin XCBuildConfiguration section */
		EF983E141B65331E009A62D1 /* Debug */ = {
			isa = XCBuildConfiguration;
			buildSettings = {
				ALWAYS_SEARCH_USER_PATHS = NO;
				CLANG_CXX_LANGUAGE_STANDARD = "gnu++0x";
				CLANG_CXX_LIBRARY = "libc++";
				CLANG_ENABLE_MODULES = YES;
				CLANG_ENABLE_OBJC_ARC = YES;
				CLANG_WARN_BOOL_CONVERSION = YES;
				CLANG_WARN_CONSTANT_CONVERSION = YES;
				CLANG_WARN_DIRECT_OBJC_ISA_USAGE = YES_ERROR;
				CLANG_WARN_EMPTY_BODY = YES;
				CLANG_WARN_ENUM_CONVERSION = YES;
				CLANG_WARN_INT_CONVERSION = YES;
				CLANG_WARN_OBJC_ROOT_CLASS = YES_ERROR;
				CLANG_WARN_UNREACHABLE_CODE = YES;
				CLANG_WARN__DUPLICATE_METHOD_MATCH = YES;
				"CODE_SIGN_IDENTITY[sdk=iphoneos*]" = "iPhone Developer";
				COPY_PHASE_STRIP = NO;
				DEBUG_INFORMATION_FORMAT = "dwarf-with-dsym";
				ENABLE_STRICT_OBJC_MSGSEND = YES;
				GCC_C_LANGUAGE_STANDARD = gnu99;
				GCC_DYNAMIC_NO_PIC = NO;
				GCC_NO_COMMON_BLOCKS = YES;
				GCC_OPTIMIZATION_LEVEL = 0;
				GCC_PREPROCESSOR_DEFINITIONS = (
					"DEBUG=1",
					"$(inherited)",
				);
				GCC_SYMBOLS_PRIVATE_EXTERN = NO;
				GCC_WARN_64_TO_32_BIT_CONVERSION = YES;
				GCC_WARN_ABOUT_RETURN_TYPE = YES_ERROR;
				GCC_WARN_UNDECLARED_SELECTOR = YES;
				GCC_WARN_UNINITIALIZED_AUTOS = YES_AGGRESSIVE;
				GCC_WARN_UNUSED_FUNCTION = YES;
				GCC_WARN_UNUSED_VARIABLE = YES;
				IPHONEOS_DEPLOYMENT_TARGET = 8.4;
				MTL_ENABLE_DEBUG_INFO = YES;
				ONLY_ACTIVE_ARCH = YES;
				SDKROOT = iphoneos;
			};
			name = Debug;
		};
		EF983E151B65331E009A62D1 /* Release */ = {
			isa = XCBuildConfiguration;
			buildSettings = {
				ALWAYS_SEARCH_USER_PATHS = NO;
				CLANG_CXX_LANGUAGE_STANDARD = "gnu++0x";
				CLANG_CXX_LIBRARY = "libc++";
				CLANG_ENABLE_MODULES = YES;
				CLANG_ENABLE_OBJC_ARC = YES;
				CLANG_WARN_BOOL_CONVERSION = YES;
				CLANG_WARN_CONSTANT_CONVERSION = YES;
				CLANG_WARN_DIRECT_OBJC_ISA_USAGE = YES_ERROR;
				CLANG_WARN_EMPTY_BODY = YES;
				CLANG_WARN_ENUM_CONVERSION = YES;
				CLANG_WARN_INT_CONVERSION = YES;
				CLANG_WARN_OBJC_ROOT_CLASS = YES_ERROR;
				CLANG_WARN_UNREACHABLE_CODE = YES;
				CLANG_WARN__DUPLICATE_METHOD_MATCH = YES;
				"CODE_SIGN_IDENTITY[sdk=iphoneos*]" = "iPhone Developer";
				COPY_PHASE_STRIP = NO;
				DEBUG_INFORMATION_FORMAT = "dwarf-with-dsym";
				ENABLE_NS_ASSERTIONS = NO;
				ENABLE_STRICT_OBJC_MSGSEND = YES;
				GCC_C_LANGUAGE_STANDARD = gnu99;
				GCC_NO_COMMON_BLOCKS = YES;
				GCC_WARN_64_TO_32_BIT_CONVERSION = YES;
				GCC_WARN_ABOUT_RETURN_TYPE = YES_ERROR;
				GCC_WARN_UNDECLARED_SELECTOR = YES;
				GCC_WARN_UNINITIALIZED_AUTOS = YES_AGGRESSIVE;
				GCC_WARN_UNUSED_FUNCTION = YES;
				GCC_WARN_UNUSED_VARIABLE = YES;
				IPHONEOS_DEPLOYMENT_TARGET = 8.4;
				MTL_ENABLE_DEBUG_INFO = NO;
				SDKROOT = iphoneos;
				VALIDATE_PRODUCT = YES;
			};
			name = Release;
		};
		EF983E171B65331E009A62D1 /* Debug */ = {
			isa = XCBuildConfiguration;
			buildSettings = {
				ASSETCATALOG_COMPILER_APPICON_NAME = AppIcon;
				INFOPLIST_FILE = "UITable Anew/Info.plist";
				LD_RUNPATH_SEARCH_PATHS = "$(inherited) @executable_path/Frameworks";
				PRODUCT_NAME = "$(TARGET_NAME)";
			};
			name = Debug;
		};
		EF983E181B65331E009A62D1 /* Release */ = {
			isa = XCBuildConfiguration;
			buildSettings = {
				ASSETCATALOG_COMPILER_APPICON_NAME = AppIcon;
				INFOPLIST_FILE = "UITable Anew/Info.plist";
				LD_RUNPATH_SEARCH_PATHS = "$(inherited) @executable_path/Frameworks";
				PRODUCT_NAME = "$(TARGET_NAME)";
			};
			name = Release;
		};
		EF983E1A1B65331E009A62D1 /* Debug */ = {
			isa = XCBuildConfiguration;
			buildSettings = {
				BUNDLE_LOADER = "$(TEST_HOST)";
				FRAMEWORK_SEARCH_PATHS = (
					"$(SDKROOT)/Developer/Library/Frameworks",
					"$(inherited)",
				);
				GCC_PREPROCESSOR_DEFINITIONS = (
					"DEBUG=1",
					"$(inherited)",
				);
				INFOPLIST_FILE = "UITable AnewTests/Info.plist";
				LD_RUNPATH_SEARCH_PATHS = "$(inherited) @executable_path/Frameworks @loader_path/Frameworks";
				PRODUCT_NAME = "$(TARGET_NAME)";
				TEST_HOST = "$(BUILT_PRODUCTS_DIR)/UITable Anew.app/UITable Anew";
			};
			name = Debug;
		};
		EF983E1B1B65331E009A62D1 /* Release */ = {
			isa = XCBuildConfiguration;
			buildSettings = {
				BUNDLE_LOADER = "$(TEST_HOST)";
				FRAMEWORK_SEARCH_PATHS = (
					"$(SDKROOT)/Developer/Library/Frameworks",
					"$(inherited)",
				);
				INFOPLIST_FILE = "UITable AnewTests/Info.plist";
				LD_RUNPATH_SEARCH_PATHS = "$(inherited) @executable_path/Frameworks @loader_path/Frameworks";
				PRODUCT_NAME = "$(TARGET_NAME)";
				TEST_HOST = "$(BUILT_PRODUCTS_DIR)/UITable Anew.app/UITable Anew";
			};
			name = Release;
		};
/* End XCBuildConfiguration section */

/* Begin XCConfigurationList section */
		EF983DEE1B65331D009A62D1 /* Build configuration list for PBXProject "UITable Anew" */ = {
			isa = XCConfigurationList;
			buildConfigurations = (
				EF983E141B65331E009A62D1 /* Debug */,
				EF983E151B65331E009A62D1 /* Release */,
			);
			defaultConfigurationIsVisible = 0;
			defaultConfigurationName = Release;
		};
		EF983E161B65331E009A62D1 /* Build configuration list for PBXNativeTarget "UITable Anew" */ = {
			isa = XCConfigurationList;
			buildConfigurations = (
				EF983E171B65331E009A62D1 /* Debug */,
				EF983E181B65331E009A62D1 /* Release */,
			);
			defaultConfigurationIsVisible = 0;
		};
		EF983E191B65331E009A62D1 /* Build configuration list for PBXNativeTarget "UITable AnewTests" */ = {
			isa = XCConfigurationList;
			buildConfigurations = (
				EF983E1A1B65331E009A62D1 /* Debug */,
				EF983E1B1B65331E009A62D1 /* Release */,
			);
			defaultConfigurationIsVisible = 0;
		};
/* End XCConfigurationList section */
	};
	rootObject = EF983DEB1B65331D009A62D1 /* Project object */;
}
